
Microsoft Visual Studio Solution File, Format Version 12.00
# Visual Studio Version 17
VisualStudioVersion = 17.9.34723.18
MinimumVisualStudioVersion = 10.0.40219.1
Project("{FAE04EC0-301F-11D3-BF4B-00C04F79EFBC}") = "shape-app", "shape-app.csproj", "{E74FA206-69C0-4563-B86C-C6A984209E04}"
EndProject
Global
	GlobalSection(SolutionConfigurationPlatforms) = preSolution
		Debug|Any CPU = Debug|Any CPU
		Release|Any CPU = Release|Any CPU
	EndGlobalSection
	GlobalSection(ProjectConfigurationPlatforms) = postSolution
		{E74FA206-69C0-4563-B86C-C6A984209E04}.Debug|Any CPU.ActiveCfg = Debug|Any CPU
		{E74FA206-69C0-4563-B86C-C6A984209E04}.Debug|Any CPU.Build.0 = Debug|Any CPU
		{E74FA206-69C0-4563-B86C-C6A984209E04}.Release|Any CPU.ActiveCfg = Release|Any CPU
		{E74FA206-69C0-4563-B86C-C6A984209E04}.Release|Any CPU.Build.0 = Release|Any CPU
	EndGlobalSection
	GlobalSection(SolutionProperties) = preSolution
		HideSolutionNode = FALSE
	EndGlobalSection
	GlobalSection(ExtensibilityGlobals) = postSolution
		SolutionGuid = {3C3434DE-5B09-4362-A6E1-C798DCF051FF}
	EndGlobalSection
EndGlobal
